
Microsoft Visual Studio Solution File, Format Version 12.00
# Visual Studio 15
VisualStudioVersion = 15.0.28010.2046
MinimumVisualStudioVersion = 10.0.40219.1
Project("{FAE04EC0-301F-11D3-BF4B-00C04F79EFBC}") = "AppTesteTef", "AppTesteTef\AppTesteTef.csproj", "{50D015EA-5ECF-4925-B390-DC8EF60A2B85}"
EndProject
Project("{2150E333-8FDC-42A3-9474-1A3956D46DE8}") = "1 - Aplicação Exemplo", "1 - Aplicação Exemplo", "{EDE8B8AC-EA55-44E9-98B1-B8369EC08385}"
EndProject
Project("{2150E333-8FDC-42A3-9474-1A3956D46DE8}") = "2 - Tef.Dominio", "2 - Tef.Dominio", "{D647C824-5932-4467-AED7-E15BE563481B}"
EndProject
Project("{FAE04EC0-301F-11D3-BF4B-00C04F79EFBC}") = "Tef.Dominio", "Tef.Dominio\Tef.Dominio.csproj", "{BEB6365D-F769-4B60-817C-52D0B80771D0}"
EndProject
Project("{2150E333-8FDC-42A3-9474-1A3956D46DE8}") = "3 - Tef.Infraestrutura", "3 - Tef.Infraestrutura", "{C0059F9F-9E74-410C-854B-BF0C279D0144}"
EndProject
Project("{FAE04EC0-301F-11D3-BF4B-00C04F79EFBC}") = "Tef.Infra", "Tef.Infra\Tef.Infra.csproj", "{25809A99-F036-4CF1-863C-47BFB67687C2}"
EndProject
Project("{2150E333-8FDC-42A3-9474-1A3956D46DE8}") = "4 - Tef.Dominio.Testes", "4 - Tef.Dominio.Testes", "{693782CE-2CC8-4A3D-9A6C-836807823B2A}"
EndProject
Project("{FAE04EC0-301F-11D3-BF4B-00C04F79EFBC}") = "Tef.Dominio.Testes", "Tef.Dominio.Testes\Tef.Dominio.Testes.csproj", "{7F6A7397-1883-4109-B136-7A90EAFA664F}"
EndProject
Global
	GlobalSection(SolutionConfigurationPlatforms) = preSolution
		Debug|Any CPU = Debug|Any CPU
		Release|Any CPU = Release|Any CPU
	EndGlobalSection
	GlobalSection(ProjectConfigurationPlatforms) = postSolution
		{50D015EA-5ECF-4925-B390-DC8EF60A2B85}.Debug|Any CPU.ActiveCfg = Debug|Any CPU
		{50D015EA-5ECF-4925-B390-DC8EF60A2B85}.Debug|Any CPU.Build.0 = Debug|Any CPU
		{50D015EA-5ECF-4925-B390-DC8EF60A2B85}.Release|Any CPU.ActiveCfg = Release|Any CPU
		{50D015EA-5ECF-4925-B390-DC8EF60A2B85}.Release|Any CPU.Build.0 = Release|Any CPU
		{BEB6365D-F769-4B60-817C-52D0B80771D0}.Debug|Any CPU.ActiveCfg = Debug|Any CPU
		{BEB6365D-F769-4B60-817C-52D0B80771D0}.Debug|Any CPU.Build.0 = Debug|Any CPU
		{BEB6365D-F769-4B60-817C-52D0B80771D0}.Release|Any CPU.ActiveCfg = Release|Any CPU
		{BEB6365D-F769-4B60-817C-52D0B80771D0}.Release|Any CPU.Build.0 = Release|Any CPU
		{25809A99-F036-4CF1-863C-47BFB67687C2}.Debug|Any CPU.ActiveCfg = Debug|Any CPU
		{25809A99-F036-4CF1-863C-47BFB67687C2}.Debug|Any CPU.Build.0 = Debug|Any CPU
		{25809A99-F036-4CF1-863C-47BFB67687C2}.Release|Any CPU.ActiveCfg = Release|Any CPU
		{25809A99-F036-4CF1-863C-47BFB67687C2}.Release|Any CPU.Build.0 = Release|Any CPU
		{7F6A7397-1883-4109-B136-7A90EAFA664F}.Debug|Any CPU.ActiveCfg = Debug|Any CPU
		{7F6A7397-1883-4109-B136-7A90EAFA664F}.Debug|Any CPU.Build.0 = Debug|Any CPU
		{7F6A7397-1883-4109-B136-7A90EAFA664F}.Release|Any CPU.ActiveCfg = Release|Any CPU
		{7F6A7397-1883-4109-B136-7A90EAFA664F}.Release|Any CPU.Build.0 = Release|Any CPU
	EndGlobalSection
	GlobalSection(SolutionProperties) = preSolution
		HideSolutionNode = FALSE
	EndGlobalSection
	GlobalSection(NestedProjects) = preSolution
		{50D015EA-5ECF-4925-B390-DC8EF60A2B85} = {EDE8B8AC-EA55-44E9-98B1-B8369EC08385}
		{BEB6365D-F769-4B60-817C-52D0B80771D0} = {D647C824-5932-4467-AED7-E15BE563481B}
		{25809A99-F036-4CF1-863C-47BFB67687C2} = {C0059F9F-9E74-410C-854B-BF0C279D0144}
		{7F6A7397-1883-4109-B136-7A90EAFA664F} = {693782CE-2CC8-4A3D-9A6C-836807823B2A}
	EndGlobalSection
	GlobalSection(ExtensibilityGlobals) = postSolution
		SolutionGuid = {454EC2A2-25FC-4258-8E3D-111DAC519873}
	EndGlobalSection
EndGlobal
